// !$*UTF8*$!
{
	archiveVersion = 1;
	classes = {
	};
	objectVersion = 50;
	objects = {

/* Begin PBXBuildFile section */
		8AA435E926B5A152002F87FA /* Extensions.swift in Sources */ = {isa = PBXBuildFile; fileRef = 8AA435E826B5A152002F87FA /* Extensions.swift */; };
		8AA435EC26B5B6A4002F87FA /* AuthResponse.swift in Sources */ = {isa = PBXBuildFile; fileRef = 8AA435EB26B5B6A4002F87FA /* AuthResponse.swift */; };
		8AE92D1226B56BF000B6CC9D /* AppDelegate.swift in Sources */ = {isa = PBXBuildFile; fileRef = 8AE92D1126B56BF000B6CC9D /* AppDelegate.swift */; };
		8AE92D1426B56BF000B6CC9D /* SceneDelegate.swift in Sources */ = {isa = PBXBuildFile; fileRef = 8AE92D1326B56BF000B6CC9D /* SceneDelegate.swift */; };
		8AE92D1B26B56BF000B6CC9D /* Assets.xcassets in Resources */ = {isa = PBXBuildFile; fileRef = 8AE92D1A26B56BF000B6CC9D /* Assets.xcassets */; };
		8AE92D1E26B56BF000B6CC9D /* LaunchScreen.storyboard in Resources */ = {isa = PBXBuildFile; fileRef = 8AE92D1C26B56BF000B6CC9D /* LaunchScreen.storyboard */; };
		8AE9D1D926B5851B00154BCF /* TabBarViewController.swift in Sources */ = {isa = PBXBuildFile; fileRef = 8AE9D1D826B5851B00154BCF /* TabBarViewController.swift */; };
		8AE9D1DC26B5853900154BCF /* HomeViewController.swift in Sources */ = {isa = PBXBuildFile; fileRef = 8AE9D1DB26B5853900154BCF /* HomeViewController.swift */; };
		8AE9D1DF26B5854600154BCF /* SearchViewController.swift in Sources */ = {isa = PBXBuildFile; fileRef = 8AE9D1DE26B5854600154BCF /* SearchViewController.swift */; };
		8AE9D1E226B5855600154BCF /* LibraryViewController.swift in Sources */ = {isa = PBXBuildFile; fileRef = 8AE9D1E126B5855600154BCF /* LibraryViewController.swift */; };
		8AE9D1E726B5857E00154BCF /* AuthViewController.swift in Sources */ = {isa = PBXBuildFile; fileRef = 8AE9D1E626B5857E00154BCF /* AuthViewController.swift */; };
		8AE9D1EA26B5859000154BCF /* WelcomeViewController.swift in Sources */ = {isa = PBXBuildFile; fileRef = 8AE9D1E926B5859000154BCF /* WelcomeViewController.swift */; };
		8AE9D1ED26B5859E00154BCF /* SettingsViewController.swift in Sources */ = {isa = PBXBuildFile; fileRef = 8AE9D1EC26B5859E00154BCF /* SettingsViewController.swift */; };
		8AE9D1F026B585B000154BCF /* PlayerViewController.swift in Sources */ = {isa = PBXBuildFile; fileRef = 8AE9D1EF26B585B000154BCF /* PlayerViewController.swift */; };
		8AE9D1F326B585C000154BCF /* ProfileViewController.swift in Sources */ = {isa = PBXBuildFile; fileRef = 8AE9D1F226B585C000154BCF /* ProfileViewController.swift */; };
		8AE9D1F626B585D700154BCF /* PlayListViewController.swift in Sources */ = {isa = PBXBuildFile; fileRef = 8AE9D1F526B585D700154BCF /* PlayListViewController.swift */; };
		8AE9D1FB26B5860200154BCF /* SearchResultsViewController.swift in Sources */ = {isa = PBXBuildFile; fileRef = 8AE9D1FA26B5860200154BCF /* SearchResultsViewController.swift */; };
		8AE9D1FF26B5861F00154BCF /* AuthManager.swift in Sources */ = {isa = PBXBuildFile; fileRef = 8AE9D1FE26B5861F00154BCF /* AuthManager.swift */; };
		8AE9D20226B5862A00154BCF /* APICaller.swift in Sources */ = {isa = PBXBuildFile; fileRef = 8AE9D20126B5862A00154BCF /* APICaller.swift */; };
		8AE9D20526B5863400154BCF /* HapticsManager.swift in Sources */ = {isa = PBXBuildFile; fileRef = 8AE9D20426B5863400154BCF /* HapticsManager.swift */; };
		8AE9D20926B5866400154BCF /* PlayList.swift in Sources */ = {isa = PBXBuildFile; fileRef = 8AE9D20826B5866400154BCF /* PlayList.swift */; };
		8AE9D20D26B5866E00154BCF /* AudioTrack.swift in Sources */ = {isa = PBXBuildFile; fileRef = 8AE9D20C26B5866E00154BCF /* AudioTrack.swift */; };
		8AE9D21026B5867800154BCF /* Artist.swift in Sources */ = {isa = PBXBuildFile; fileRef = 8AE9D20F26B5867800154BCF /* Artist.swift */; };
		8AE9D21326B5868100154BCF /* Profile.swift in Sources */ = {isa = PBXBuildFile; fileRef = 8AE9D21226B5868100154BCF /* Profile.swift */; };
/* End PBXBuildFile section */

/* Begin PBXFileReference section */
		8AA435E826B5A152002F87FA /* Extensions.swift */ = {isa = PBXFileReference; lastKnownFileType = sourcecode.swift; path = Extensions.swift; sourceTree = "<group>"; };
		8AA435EB26B5B6A4002F87FA /* AuthResponse.swift */ = {isa = PBXFileReference; lastKnownFileType = sourcecode.swift; path = AuthResponse.swift; sourceTree = "<group>"; };
		8AE92D0E26B56BF000B6CC9D /* Spotify.app */ = {isa = PBXFileReference; explicitFileType = wrapper.application; includeInIndex = 0; path = Spotify.app; sourceTree = BUILT_PRODUCTS_DIR; };
		8AE92D1126B56BF000B6CC9D /* AppDelegate.swift */ = {isa = PBXFileReference; lastKnownFileType = sourcecode.swift; path = AppDelegate.swift; sourceTree = "<group>"; };
		8AE92D1326B56BF000B6CC9D /* SceneDelegate.swift */ = {isa = PBXFileReference; lastKnownFileType = sourcecode.swift; path = SceneDelegate.swift; sourceTree = "<group>"; };
		8AE92D1A26B56BF000B6CC9D /* Assets.xcassets */ = {isa = PBXFileReference; lastKnownFileType = folder.assetcatalog; path = Assets.xcassets; sourceTree = "<group>"; };
		8AE92D1D26B56BF000B6CC9D /* Base */ = {isa = PBXFileReference; lastKnownFileType = file.storyboard; name = Base; path = Base.lproj/LaunchScreen.storyboard; sourceTree = "<group>"; };
		8AE92D1F26B56BF000B6CC9D /* Info.plist */ = {isa = PBXFileReference; lastKnownFileType = text.plist.xml; path = Info.plist; sourceTree = "<group>"; };
		8AE9D1D826B5851B00154BCF /* TabBarViewController.swift */ = {isa = PBXFileReference; lastKnownFileType = sourcecode.swift; path = TabBarViewController.swift; sourceTree = "<group>"; };
		8AE9D1DB26B5853900154BCF /* HomeViewController.swift */ = {isa = PBXFileReference; lastKnownFileType = sourcecode.swift; path = HomeViewController.swift; sourceTree = "<group>"; };
		8AE9D1DE26B5854600154BCF /* SearchViewController.swift */ = {isa = PBXFileReference; lastKnownFileType = sourcecode.swift; path = SearchViewController.swift; sourceTree = "<group>"; };
		8AE9D1E126B5855600154BCF /* LibraryViewController.swift */ = {isa = PBXFileReference; lastKnownFileType = sourcecode.swift; path = LibraryViewController.swift; sourceTree = "<group>"; };
		8AE9D1E626B5857E00154BCF /* AuthViewController.swift */ = {isa = PBXFileReference; lastKnownFileType = sourcecode.swift; path = AuthViewController.swift; sourceTree = "<group>"; };
		8AE9D1E926B5859000154BCF /* WelcomeViewController.swift */ = {isa = PBXFileReference; lastKnownFileType = sourcecode.swift; path = WelcomeViewController.swift; sourceTree = "<group>"; };
		8AE9D1EC26B5859E00154BCF /* SettingsViewController.swift */ = {isa = PBXFileReference; lastKnownFileType = sourcecode.swift; path = SettingsViewController.swift; sourceTree = "<group>"; };
		8AE9D1EF26B585B000154BCF /* PlayerViewController.swift */ = {isa = PBXFileReference; lastKnownFileType = sourcecode.swift; path = PlayerViewController.swift; sourceTree = "<group>"; };
		8AE9D1F226B585C000154BCF /* ProfileViewController.swift */ = {isa = PBXFileReference; lastKnownFileType = sourcecode.swift; path = ProfileViewController.swift; sourceTree = "<group>"; };
		8AE9D1F526B585D700154BCF /* PlayListViewController.swift */ = {isa = PBXFileReference; lastKnownFileType = sourcecode.swift; path = PlayListViewController.swift; sourceTree = "<group>"; };
		8AE9D1FA26B5860200154BCF /* SearchResultsViewController.swift */ = {isa = PBXFileReference; lastKnownFileType = sourcecode.swift; path = SearchResultsViewController.swift; sourceTree = "<group>"; };
		8AE9D1FE26B5861F00154BCF /* AuthManager.swift */ = {isa = PBXFileReference; lastKnownFileType = sourcecode.swift; path = AuthManager.swift; sourceTree = "<group>"; };
		8AE9D20126B5862A00154BCF /* APICaller.swift */ = {isa = PBXFileReference; lastKnownFileType = sourcecode.swift; path = APICaller.swift; sourceTree = "<group>"; };
		8AE9D20426B5863400154BCF /* HapticsManager.swift */ = {isa = PBXFileReference; lastKnownFileType = sourcecode.swift; path = HapticsManager.swift; sourceTree = "<group>"; };
		8AE9D20826B5866400154BCF /* PlayList.swift */ = {isa = PBXFileReference; lastKnownFileType = sourcecode.swift; path = PlayList.swift; sourceTree = "<group>"; };
		8AE9D20C26B5866E00154BCF /* AudioTrack.swift */ = {isa = PBXFileReference; lastKnownFileType = sourcecode.swift; path = AudioTrack.swift; sourceTree = "<group>"; };
		8AE9D20F26B5867800154BCF /* Artist.swift */ = {isa = PBXFileReference; lastKnownFileType = sourcecode.swift; path = Artist.swift; sourceTree = "<group>"; };
		8AE9D21226B5868100154BCF /* Profile.swift */ = {isa = PBXFileReference; lastKnownFileType = sourcecode.swift; path = Profile.swift; sourceTree = "<group>"; };
/* End PBXFileReference section */

/* Begin PBXFrameworksBuildPhase section */
		8AE92D0B26B56BEF00B6CC9D /* Frameworks */ = {
			isa = PBXFrameworksBuildPhase;
			buildActionMask = 2147483647;
			files = (
			);
			runOnlyForDeploymentPostprocessing = 0;
		};
/* End PBXFrameworksBuildPhase section */

/* Begin PBXGroup section */
		8AE92D0526B56BEF00B6CC9D = {
			isa = PBXGroup;
			children = (
				8AE92D1026B56BF000B6CC9D /* Spotify */,
				8AE92D0F26B56BF000B6CC9D /* Products */,
			);
			sourceTree = "<group>";
		};
		8AE92D0F26B56BF000B6CC9D /* Products */ = {
			isa = PBXGroup;
			children = (
				8AE92D0E26B56BF000B6CC9D /* Spotify.app */,
			);
			name = Products;
			sourceTree = "<group>";
		};
		8AE92D1026B56BF000B6CC9D /* Spotify */ = {
			isa = PBXGroup;
			children = (
				8AE9D20726B5865500154BCF /* Models */,
				8AE9D1FD26B5861000154BCF /* Managers */,
				8AE92D2926B56C4000B6CC9D /* Resources */,
				8AE92D2826B56C3500B6CC9D /* Views */,
				8AE92D2726B56C1A00B6CC9D /* ViewModels */,
				8AE92D2626B56C1200B6CC9D /* ViewControllers */,
				8AE92D1F26B56BF000B6CC9D /* Info.plist */,
			);
			path = Spotify;
			sourceTree = "<group>";
		};
		8AE92D2626B56C1200B6CC9D /* ViewControllers */ = {
			isa = PBXGroup;
			children = (
				8AE9D1E426B5856600154BCF /* Core */,
				8AE9D1F826B585DD00154BCF /* Others */,
			);
			path = ViewControllers;
			sourceTree = "<group>";
		};
		8AE92D2726B56C1A00B6CC9D /* ViewModels */ = {
			isa = PBXGroup;
			children = (
			);
			path = ViewModels;
			sourceTree = "<group>";
		};
		8AE92D2826B56C3500B6CC9D /* Views */ = {
			isa = PBXGroup;
			children = (
				8AE92D1C26B56BF000B6CC9D /* LaunchScreen.storyboard */,
			);
			path = Views;
			sourceTree = "<group>";
		};
		8AE92D2926B56C4000B6CC9D /* Resources */ = {
			isa = PBXGroup;
			children = (
				8AE92D1326B56BF000B6CC9D /* SceneDelegate.swift */,
				8AE92D1126B56BF000B6CC9D /* AppDelegate.swift */,
				8AE92D1A26B56BF000B6CC9D /* Assets.xcassets */,
				8AA435E826B5A152002F87FA /* Extensions.swift */,
			);
			path = Resources;
			sourceTree = "<group>";
		};
		8AE9D1E426B5856600154BCF /* Core */ = {
			isa = PBXGroup;
			children = (
				8AE9D1D826B5851B00154BCF /* TabBarViewController.swift */,
				8AE9D1DB26B5853900154BCF /* HomeViewController.swift */,
				8AE9D1DE26B5854600154BCF /* SearchViewController.swift */,
				8AE9D1E126B5855600154BCF /* LibraryViewController.swift */,
			);
			path = Core;
			sourceTree = "<group>";
		};
		8AE9D1F826B585DD00154BCF /* Others */ = {
			isa = PBXGroup;
			children = (
				8AE9D1E626B5857E00154BCF /* AuthViewController.swift */,
				8AE9D1E926B5859000154BCF /* WelcomeViewController.swift */,
				8AE9D1EC26B5859E00154BCF /* SettingsViewController.swift */,
				8AE9D1EF26B585B000154BCF /* PlayerViewController.swift */,
				8AE9D1F226B585C000154BCF /* ProfileViewController.swift */,
				8AE9D1F526B585D700154BCF /* PlayListViewController.swift */,
				8AE9D1FA26B5860200154BCF /* SearchResultsViewController.swift */,
			);
			path = Others;
			sourceTree = "<group>";
		};
		8AE9D1FD26B5861000154BCF /* Managers */ = {
			isa = PBXGroup;
			children = (
				8AE9D1FE26B5861F00154BCF /* AuthManager.swift */,
				8AE9D20126B5862A00154BCF /* APICaller.swift */,
				8AE9D20426B5863400154BCF /* HapticsManager.swift */,
			);
			path = Managers;
			sourceTree = "<group>";
		};
		8AE9D20726B5865500154BCF /* Models */ = {
			isa = PBXGroup;
			children = (
				8AE9D20826B5866400154BCF /* PlayList.swift */,
				8AE9D20C26B5866E00154BCF /* AudioTrack.swift */,
				8AE9D20F26B5867800154BCF /* Artist.swift */,
				8AE9D21226B5868100154BCF /* Profile.swift */,
				8AA435EB26B5B6A4002F87FA /* AuthResponse.swift */,
			);
			path = Models;
			sourceTree = "<group>";
		};
/* End PBXGroup section */

/* Begin PBXNativeTarget section */
		8AE92D0D26B56BEF00B6CC9D /* Spotify */ = {
			isa = PBXNativeTarget;
			buildConfigurationList = 8AE92D2226B56BF000B6CC9D /* Build configuration list for PBXNativeTarget "Spotify" */;
			buildPhases = (
				8AE92D0A26B56BEF00B6CC9D /* Sources */,
				8AE92D0B26B56BEF00B6CC9D /* Frameworks */,
				8AE92D0C26B56BEF00B6CC9D /* Resources */,
			);
			buildRules = (
			);
			dependencies = (
			);
			name = Spotify;
			productName = Spotify;
			productReference = 8AE92D0E26B56BF000B6CC9D /* Spotify.app */;
			productType = "com.apple.product-type.application";
		};
/* End PBXNativeTarget section */

/* Begin PBXProject section */
		8AE92D0626B56BEF00B6CC9D /* Project object */ = {
			isa = PBXProject;
			attributes = {
				LastSwiftUpdateCheck = 1220;
				LastUpgradeCheck = 1220;
				TargetAttributes = {
					8AE92D0D26B56BEF00B6CC9D = {
						CreatedOnToolsVersion = 12.2;
					};
				};
			};
			buildConfigurationList = 8AE92D0926B56BEF00B6CC9D /* Build configuration list for PBXProject "Spotify" */;
			compatibilityVersion = "Xcode 9.3";
			developmentRegion = en;
			hasScannedForEncodings = 0;
			knownRegions = (
				en,
				Base,
			);
			mainGroup = 8AE92D0526B56BEF00B6CC9D;
			productRefGroup = 8AE92D0F26B56BF000B6CC9D /* Products */;
			projectDirPath = "";
			projectRoot = "";
			targets = (
				8AE92D0D26B56BEF00B6CC9D /* Spotify */,
			);
		};
/* End PBXProject section */

/* Begin PBXResourcesBuildPhase section */
		8AE92D0C26B56BEF00B6CC9D /* Resources */ = {
			isa = PBXResourcesBuildPhase;
			buildActionMask = 2147483647;
			files = (
				8AE92D1E26B56BF000B6CC9D /* LaunchScreen.storyboard in Resources */,
				8AE92D1B26B56BF000B6CC9D /* Assets.xcassets in Resources */,
			);
			runOnlyForDeploymentPostprocessing = 0;
		};
/* End PBXResourcesBuildPhase section */

/* Begin PBXSourcesBuildPhase section */
		8AE92D0A26B56BEF00B6CC9D /* Sources */ = {
			isa = PBXSourcesBuildPhase;
			buildActionMask = 2147483647;
			files = (
				8AE9D1EA26B5859000154BCF /* WelcomeViewController.swift in Sources */,
				8AE9D20D26B5866E00154BCF /* AudioTrack.swift in Sources */,
				8AE9D1DF26B5854600154BCF /* SearchViewController.swift in Sources */,
				8AE9D1DC26B5853900154BCF /* HomeViewController.swift in Sources */,
				8AE9D1ED26B5859E00154BCF /* SettingsViewController.swift in Sources */,
				8AE9D1FF26B5861F00154BCF /* AuthManager.swift in Sources */,
				8AE9D1D926B5851B00154BCF /* TabBarViewController.swift in Sources */,
				8AE9D1FB26B5860200154BCF /* SearchResultsViewController.swift in Sources */,
				8AA435EC26B5B6A4002F87FA /* AuthResponse.swift in Sources */,
				8AE9D20226B5862A00154BCF /* APICaller.swift in Sources */,
				8AE9D20526B5863400154BCF /* HapticsManager.swift in Sources */,
				8AE9D21326B5868100154BCF /* Profile.swift in Sources */,
				8AE9D20926B5866400154BCF /* PlayList.swift in Sources */,
				8AE9D1F326B585C000154BCF /* ProfileViewController.swift in Sources */,
				8AA435E926B5A152002F87FA /* Extensions.swift in Sources */,
				8AE9D1E726B5857E00154BCF /* AuthViewController.swift in Sources */,
				8AE9D1E226B5855600154BCF /* LibraryViewController.swift in Sources */,
				8AE92D1226B56BF000B6CC9D /* AppDelegate.swift in Sources */,
				8AE9D1F026B585B000154BCF /* PlayerViewController.swift in Sources */,
				8AE9D1F626B585D700154BCF /* PlayListViewController.swift in Sources */,
				8AE9D21026B5867800154BCF /* Artist.swift in Sources */,
				8AE92D1426B56BF000B6CC9D /* SceneDelegate.swift in Sources */,
			);
			runOnlyForDeploymentPostprocessing = 0;
		};
/* End PBXSourcesBuildPhase section */

/* Begin PBXVariantGroup section */
		8AE92D1C26B56BF000B6CC9D /* LaunchScreen.storyboard */ = {
			isa = PBXVariantGroup;
			children = (
				8AE92D1D26B56BF000B6CC9D /* Base */,
			);
			name = LaunchScreen.storyboard;
			sourceTree = "<group>";
		};
/* End PBXVariantGroup section */

/* Begin XCBuildConfiguration section */
		8AE92D2026B56BF000B6CC9D /* Debug */ = {
			isa = XCBuildConfiguration;
			buildSettings = {
				ALWAYS_SEARCH_USER_PATHS = NO;
				CLANG_ANALYZER_NONNULL = YES;
				CLANG_ANALYZER_NUMBER_OBJECT_CONVERSION = YES_AGGRESSIVE;
				CLANG_CXX_LANGUAGE_STANDARD = "gnu++14";
				CLANG_CXX_LIBRARY = "libc++";
				CLANG_ENABLE_MODULES = YES;
				CLANG_ENABLE_OBJC_ARC = YES;
				CLANG_ENABLE_OBJC_WEAK = YES;
				CLANG_WARN_BLOCK_CAPTURE_AUTORELEASING = YES;
				CLANG_WARN_BOOL_CONVERSION = YES;
				CLANG_WARN_COMMA = YES;
				CLANG_WARN_CONSTANT_CONVERSION = YES;
				CLANG_WARN_DEPRECATED_OBJC_IMPLEMENTATIONS = YES;
				CLANG_WARN_DIRECT_OBJC_ISA_USAGE = YES_ERROR;
				CLANG_WARN_DOCUMENTATION_COMMENTS = YES;
				CLANG_WARN_EMPTY_BODY = YES;
				CLANG_WARN_ENUM_CONVERSION = YES;
				CLANG_WARN_INFINITE_RECURSION = YES;
				CLANG_WARN_INT_CONVERSION = YES;
				CLANG_WARN_NON_LITERAL_NULL_CONVERSION = YES;
				CLANG_WARN_OBJC_IMPLICIT_RETAIN_SELF = YES;
				CLANG_WARN_OBJC_LITERAL_CONVERSION = YES;
				CLANG_WARN_OBJC_ROOT_CLASS = YES_ERROR;
				CLANG_WARN_QUOTED_INCLUDE_IN_FRAMEWORK_HEADER = YES;
				CLANG_WARN_RANGE_LOOP_ANALYSIS = YES;
				CLANG_WARN_STRICT_PROTOTYPES = YES;
				CLANG_WARN_SUSPICIOUS_MOVE = YES;
				CLANG_WARN_UNGUARDED_AVAILABILITY = YES_AGGRESSIVE;
				CLANG_WARN_UNREACHABLE_CODE = YES;
				CLANG_WARN__DUPLICATE_METHOD_MATCH = YES;
				COPY_PHASE_STRIP = NO;
				DEBUG_INFORMATION_FORMAT = dwarf;
				ENABLE_STRICT_OBJC_MSGSEND = YES;
				ENABLE_TESTABILITY = YES;
				GCC_C_LANGUAGE_STANDARD = gnu11;
				GCC_DYNAMIC_NO_PIC = NO;
				GCC_NO_COMMON_BLOCKS = YES;
				GCC_OPTIMIZATION_LEVEL = 0;
				GCC_PREPROCESSOR_DEFINITIONS = (
					"DEBUG=1",
					"$(inherited)",
				);
				GCC_WARN_64_TO_32_BIT_CONVERSION = YES;
				GCC_WARN_ABOUT_RETURN_TYPE = YES_ERROR;
				GCC_WARN_UNDECLARED_SELECTOR = YES;
				GCC_WARN_UNINITIALIZED_AUTOS = YES_AGGRESSIVE;
				GCC_WARN_UNUSED_FUNCTION = YES;
				GCC_WARN_UNUSED_VARIABLE = YES;
				IPHONEOS_DEPLOYMENT_TARGET = 14.2;
				MTL_ENABLE_DEBUG_INFO = INCLUDE_SOURCE;
				MTL_FAST_MATH = YES;
				ONLY_ACTIVE_ARCH = YES;
				SDKROOT = iphoneos;
				SWIFT_ACTIVE_COMPILATION_CONDITIONS = DEBUG;
				SWIFT_OPTIMIZATION_LEVEL = "-Onone";
			};
			name = Debug;
		};
		8AE92D2126B56BF000B6CC9D /* Release */ = {
			isa = XCBuildConfiguration;
			buildSettings = {
				ALWAYS_SEARCH_USER_PATHS = NO;
				CLANG_ANALYZER_NONNULL = YES;
				CLANG_ANALYZER_NUMBER_OBJECT_CONVERSION = YES_AGGRESSIVE;
				CLANG_CXX_LANGUAGE_STANDARD = "gnu++14";
				CLANG_CXX_LIBRARY = "libc++";
				CLANG_ENABLE_MODULES = YES;
				CLANG_ENABLE_OBJC_ARC = YES;
				CLANG_ENABLE_OBJC_WEAK = YES;
				CLANG_WARN_BLOCK_CAPTURE_AUTORELEASING = YES;
				CLANG_WARN_BOOL_CONVERSION = YES;
				CLANG_WARN_COMMA = YES;
				CLANG_WARN_CONSTANT_CONVERSION = YES;
				CLANG_WARN_DEPRECATED_OBJC_IMPLEMENTATIONS = YES;
				CLANG_WARN_DIRECT_OBJC_ISA_USAGE = YES_ERROR;
				CLANG_WARN_DOCUMENTATION_COMMENTS = YES;
				CLANG_WARN_EMPTY_BODY = YES;
				CLANG_WARN_ENUM_CONVERSION = YES;
				CLANG_WARN_INFINITE_RECURSION = YES;
				CLANG_WARN_INT_CONVERSION = YES;
				CLANG_WARN_NON_LITERAL_NULL_CONVERSION = YES;
				CLANG_WARN_OBJC_IMPLICIT_RETAIN_SELF = YES;
				CLANG_WARN_OBJC_LITERAL_CONVERSION = YES;
				CLANG_WARN_OBJC_ROOT_CLASS = YES_ERROR;
				CLANG_WARN_QUOTED_INCLUDE_IN_FRAMEWORK_HEADER = YES;
				CLANG_WARN_RANGE_LOOP_ANALYSIS = YES;
				CLANG_WARN_STRICT_PROTOTYPES = YES;
				CLANG_WARN_SUSPICIOUS_MOVE = YES;
				CLANG_WARN_UNGUARDED_AVAILABILITY = YES_AGGRESSIVE;
				CLANG_WARN_UNREACHABLE_CODE = YES;
				CLANG_WARN__DUPLICATE_METHOD_MATCH = YES;
				COPY_PHASE_STRIP = NO;
				DEBUG_INFORMATION_FORMAT = "dwarf-with-dsym";
				ENABLE_NS_ASSERTIONS = NO;
				ENABLE_STRICT_OBJC_MSGSEND = YES;
				GCC_C_LANGUAGE_STANDARD = gnu11;
				GCC_NO_COMMON_BLOCKS = YES;
				GCC_WARN_64_TO_32_BIT_CONVERSION = YES;
				GCC_WARN_ABOUT_RETURN_TYPE = YES_ERROR;
				GCC_WARN_UNDECLARED_SELECTOR = YES;
				GCC_WARN_UNINITIALIZED_AUTOS = YES_AGGRESSIVE;
				GCC_WARN_UNUSED_FUNCTION = YES;
				GCC_WARN_UNUSED_VARIABLE = YES;
				IPHONEOS_DEPLOYMENT_TARGET = 14.2;
				MTL_ENABLE_DEBUG_INFO = NO;
				MTL_FAST_MATH = YES;
				SDKROOT = iphoneos;
				SWIFT_COMPILATION_MODE = wholemodule;
				SWIFT_OPTIMIZATION_LEVEL = "-O";
				VALIDATE_PRODUCT = YES;
			};
			name = Release;
		};
		8AE92D2326B56BF000B6CC9D /* Debug */ = {
			isa = XCBuildConfiguration;
			buildSettings = {
				ASSETCATALOG_COMPILER_APPICON_NAME = AppIcon;
				ASSETCATALOG_COMPILER_GLOBAL_ACCENT_COLOR_NAME = AccentColor;
				CODE_SIGN_STYLE = Automatic;
				DEVELOPMENT_TEAM = 6MXZ3WQPV6;
				INFOPLIST_FILE = Spotify/Info.plist;
				LD_RUNPATH_SEARCH_PATHS = (
					"$(inherited)",
					"@executable_path/Frameworks",
				);
				PRODUCT_BUNDLE_IDENTIFIER = "com.mounika-madishetti.Spotify";
				PRODUCT_NAME = "$(TARGET_NAME)";
				SWIFT_VERSION = 5.0;
				TARGETED_DEVICE_FAMILY = "1,2";
			};
			name = Debug;
		};
		8AE92D2426B56BF000B6CC9D /* Release */ = {
			isa = XCBuildConfiguration;
			buildSettings = {
				ASSETCATALOG_COMPILER_APPICON_NAME = AppIcon;
				ASSETCATALOG_COMPILER_GLOBAL_ACCENT_COLOR_NAME = AccentColor;
				CODE_SIGN_STYLE = Automatic;
				DEVELOPMENT_TEAM = 6MXZ3WQPV6;
				INFOPLIST_FILE = Spotify/Info.plist;
				LD_RUNPATH_SEARCH_PATHS = (
					"$(inherited)",
					"@executable_path/Frameworks",
				);
				PRODUCT_BUNDLE_IDENTIFIER = "com.mounika-madishetti.Spotify";
				PRODUCT_NAME = "$(TARGET_NAME)";
				SWIFT_VERSION = 5.0;
				TARGETED_DEVICE_FAMILY = "1,2";
			};
			name = Release;
		};
/* End XCBuildConfiguration section */

/* Begin XCConfigurationList section */
		8AE92D0926B56BEF00B6CC9D /* Build configuration list for PBXProject "Spotify" */ = {
			isa = XCConfigurationList;
			buildConfigurations = (
				8AE92D2026B56BF000B6CC9D /* Debug */,
				8AE92D2126B56BF000B6CC9D /* Release */,
			);
			defaultConfigurationIsVisible = 0;
			defaultConfigurationName = Release;
		};
		8AE92D2226B56BF000B6CC9D /* Build configuration list for PBXNativeTarget "Spotify" */ = {
			isa = XCConfigurationList;
			buildConfigurations = (
				8AE92D2326B56BF000B6CC9D /* Debug */,
				8AE92D2426B56BF000B6CC9D /* Release */,
			);
			defaultConfigurationIsVisible = 0;
			defaultConfigurationName = Release;
		};
/* End XCConfigurationList section */
	};
	rootObject = 8AE92D0626B56BEF00B6CC9D /* Project object */;
}
